version = 1
revision = 1
requires-python = "==3.12.*"

[[package]]
name = "colorama"
version = "0.4.6"
source = { registry = "https://pypi.org/simple" }
sdist = { url = "https://files.pythonhosted.org/packages/d8/53/6f443c9a4a8358a93a6792e2acffb9d9d5cb0a5cfd8802644b7b1c9a02e4/colorama-0.4.6.tar.gz", hash = "sha256:08695f5cb7ed6e0531a20572697297273c47b8cae5a63ffc6d6ed5c201be6e44", size = 27697 }
wheels = [
    { url = "https://files.pythonhosted.org/packages/d1/d6/3965ed04c63042e047cb6a3e6ed1a63a35087b6a609aa3a15ed8ac56c221/colorama-0.4.6-py2.py3-none-any.whl", hash = "sha256:4f1d9991f5acc0ca119f9d443620b77f9d6b33703e51011c16baf57afb285fc6", size = 25335 },
]

[[package]]
name = "hyperliquid-sp500-reversal-scanner-backtest"
version = "0.1.0"
source = { editable = "." }
dependencies = [
    { name = "numpy" },
    { name = "pandas" },
]

[package.dev-dependencies]
dev = [
    { name = "pytest" },
]

[package.metadata]
requires-dist = [
    { name = "numpy", specifier = ">=2.2.6" },
    { name = "pandas", specifier = ">=2.3.3" },
]

[package.metadata.requires-dev]
dev = [{ name = "pytest", specifier = ">=8.2" }]

[[package]]
name = "iniconfig"
version = "2.3.0"
source = { registry = "https://pypi.org/simple" }
sdist = { url = "https://files.pythonhosted.org/packages/72/34/14ca021ce8e5dfedc35312d08ba8bf51fdd999c576889fc2c24cb97f4f10/iniconfig-2.3.0.tar.gz", hash = "sha256:c76315c77db068650d49c5b56314774a7804df16fee4402c1f19d6d15d8c4730", size = 20503 }
wheels = [
    { url = "https://files.pythonhosted.org/packages/cb/b1/3846dd7f199d53cb17f49cba7e651e9ce294d8497c8c150530ed11865bb8/iniconfig-2.3.0-py3-none-any.whl", hash = "sha256:f631c04d2c48c52b84d0d0549c99ff3859c98df65b3101406327ecc7d53fbf12", size = 7484 },
]

[[package]]
name = "numpy"
version = "2.4.6"
source = { registry = "https://pypi.org/simple" }
sdist = { url = "https://files.pythonhosted.org/packages/d0/ad/fed0499ce6a338d2a03ebae59cd15093910c8875328855781952abf6c2fe/numpy-2.4.6.tar.gz", hash = "sha256:f3a3570c4a2a16746ac2c31a7c7c7b0c186b95ce902e33db6f28094ed7387dda", size = 20735807 }
wheels = [
    { url = "https://files.pythonhosted.org/packages/95/2a/3d7b5ac8aac24feaf9ad7ed58f45b0bbc06d37e4338ae84c9f2298b570f9/numpy-2.4.6-cp312-cp312-macosx_10_13_x86_64.whl", hash = "sha256:001fbb8e08d942dd57599e781f2472269ee7f2755fae407b4f67b2f0b17da3f1", size = 16689119 },
    { url = "https://files.pythonhosted.org/packages/ea/12/92c4c131527599e8288d6918e888d88726f84d805d784b771f32408aeaef/numpy-2.4.6-cp312-cp312-macosx_11_0_arm64.whl", hash = "sha256:ebfb099f8dcf083deef3ac1ca4c1503f387cf76296fcb3816b66f5ecb5f54fdb", size = 14699246 },
    { url = "https://files.pythonhosted.org/packages/ad/fe/c0a6b7b2ca128a8fb228575147073b660656734b8ebe4d76c8fd748dcc79/numpy-2.4.6-cp312-cp312-macosx_14_0_arm64.whl", hash = "sha256:3213d622a0283a39a93d188f3cf72b26862df52fbb4ca3697f51705016523d41", size = 5204410 },
    { url = "https://files.pythonhosted.org/packages/f3/d4/9770d14ba719432bb90a421bfd443872ed0f70f7264b64bec12ea363d5fd/numpy-2.4.6-cp312-cp312-macosx_14_0_x86_64.whl", hash = "sha256:357cc07a6d7b0b182ff02249616a03742827ebb1277546b5c7cd7f7620a45698", size = 6551240 },
    { url = "https://files.pythonhosted.org/packages/c9/c6/50a46a6205feba2343f1d6d17438107c5dc491ed1c736e6ea68689fd906b/numpy-2.4.6-cp312-cp312-manylinux_2_27_aarch64.manylinux_2_28_aarch64.whl", hash = "sha256:5f9fb9157b4ce2971008323afe46053787b526ef624fea915b261468a8421a0f", size = 15671012 },
    { url = "https://files.pythonhosted.org/packages/99/60/14115e6364fa676c5397c2ad3004e527e9aa487abf5d0706ec81bbd08529/numpy-2.4.6-cp312-cp312-manylinux_2_27_x86_64.manylinux_2_28_x86_64.whl", hash = "sha256:90f9849678c75fe7afa2d348ac842c168b0a4d3d61919687216dfc547976d853", size = 16645538 },
    { url = "https://files.pythonhosted.org/packages/ae/c5/693cbe59e57db94d2231fa519ca3978dc9e19da5a8f088588f5c6e947ff2/numpy-2.4.6-cp312-cp312-musllinux_1_2_aarch64.whl", hash = "sha256:c1a2af6c6ef86344a6b0db6b97834208bf598db514f2b155042439b62605601a", size = 17020706 },
    { url = "https://files.pythonhosted.org/packages/ef/fc/85b7c4eff9b4966ade25c2273cf7e7012e92366c032058653934b37de044/numpy-2.4.6-cp312-cp312-musllinux_1_2_x86_64.whl", hash = "sha256:e5805d5a22fd19c8ccff10a9561f9df94436b0545619ea579db2d3c35294bce2", size = 18368541 },
    { url = "https://files.pythonhosted.org/packages/f6/81/e1b27545deedce7f4a0b348618c6b62d74e36a4dc9ccd42f3eb2f85eee32/numpy-2.4.6-cp312-cp312-win32.whl", hash = "sha256:e3eeb0aabd6bd5ce64faae67e9935203a6991b4bc2a485a767fbafb2c5125f45", size = 5962825 },
    { url = "https://files.pythonhosted.org/packages/ab/ca/feab00bd44aa5fe1ad2c18f08b4d3bb92e26484b0b1d1443897809ed528c/numpy-2.4.6-cp312-cp312-win_amd64.whl", hash = "sha256:d8e8286dd7cea7895157318d1b91cdacac64c479f3cbc8dce548331728484751", size = 12321687 },
    { url = "https://files.pythonhosted.org/packages/63/cf/5a6d34850a39d1093558564f77ee8e8e0bee5061151b8f05a55711001ec7/numpy-2.4.6-cp312-cp312-win_arm64.whl", hash = "sha256:4081eb135ac24158bd51cdfbef16f1c64df7063b1143f24731387137c092bec8", size = 10221482 },
]

[[package]]
name = "packaging"
version = "26.2"
source = { registry = "https://pypi.org/simple" }
sdist = { url = "https://files.pythonhosted.org/packages/d7/f1/e7a6dd94a8d4a5626c03e4e99c87f241ba9e350cd9e6d75123f992427270/packaging-26.2.tar.gz", hash = "sha256:ff452ff5a3e828ce110190feff1178bb1f2ea2281fa2075aadb987c2fb221661", size = 228134 }
wheels = [
    { url = "https://files.pythonhosted.org/packages/df/b2/87e62e8c3e2f4b32e5fe99e0b86d576da1312593b39f47d8ceef365e95ed/packaging-26.2-py3-none-any.whl", hash = "sha256:5fc45236b9446107ff2415ce77c807cee2862cb6fac22b8a73826d0693b0980e", size = 100195 },
]

[[package]]
name = "pandas"
version = "2.3.3"
source = { registry = "https://pypi.org/simple" }
dependencies = [
    { name = "numpy" },
    { name = "python-dateutil" },
    { name = "pytz" },
    { name = "tzdata" },
]
sdist = { url = "https://files.pythonhosted.org/packages/33/01/d40b85317f86cf08d853a4f495195c73815fdf205eef3993821720274518/pandas-2.3.3.tar.gz", hash = "sha256:e05e1af93b977f7eafa636d043f9f94c7ee3ac81af99c13508215942e64c993b", size = 4495223 }
wheels = [
    { url = "https://files.pythonhosted.org/packages/9c/fb/231d89e8637c808b997d172b18e9d4a4bc7bf31296196c260526055d1ea0/pandas-2.3.3-cp312-cp312-macosx_10_13_x86_64.whl", hash = "sha256:6d21f6d74eb1725c2efaa71a2bfc661a0689579b58e9c0ca58a739ff0b002b53", size = 11597846 },
    { url = "https://files.pythonhosted.org/packages/5c/bd/bf8064d9cfa214294356c2d6702b716d3cf3bb24be59287a6a21e24cae6b/pandas-2.3.3-cp312-cp312-macosx_11_0_arm64.whl", hash = "sha256:3fd2f887589c7aa868e02632612ba39acb0b8948faf5cc58f0850e165bd46f35", size = 10729618 },
    { url = "https://files.pythonhosted.org/packages/57/56/cf2dbe1a3f5271370669475ead12ce77c61726ffd19a35546e31aa8edf4e/pandas-2.3.3-cp312-cp312-manylinux_2_24_aarch64.manylinux_2_28_aarch64.whl", hash = "sha256:ecaf1e12bdc03c86ad4a7ea848d66c685cb6851d807a26aa245ca3d2017a1908", size = 11737212 },
    { url = "https://files.pythonhosted.org/packages/e5/63/cd7d615331b328e287d8233ba9fdf191a9c2d11b6af0c7a59cfcec23de68/pandas-2.3.3-cp312-cp312-manylinux_2_24_x86_64.manylinux_2_28_x86_64.whl", hash = "sha256:b3d11d2fda7eb164ef27ffc14b4fcab16a80e1ce67e9f57e19ec0afaf715ba89", size = 12362693 },
    { url = "https://files.pythonhosted.org/packages/a6/de/8b1895b107277d52f2b42d3a6806e69cfef0d5cf1d0ba343470b9d8e0a04/pandas-2.3.3-cp312-cp312-musllinux_1_2_aarch64.whl", hash = "sha256:a68e15f780eddf2b07d242e17a04aa187a7ee12b40b930bfdd78070556550e98", size = 12771002 },
    { url = "https://files.pythonhosted.org/packages/87/21/84072af3187a677c5893b170ba2c8fbe450a6ff911234916da889b698220/pandas-2.3.3-cp312-cp312-musllinux_1_2_x86_64.whl", hash = "sha256:371a4ab48e950033bcf52b6527eccb564f52dc826c02afd9a1bc0ab731bba084", size = 13450971 },
    { url = "https://files.pythonhosted.org/packages/86/41/585a168330ff063014880a80d744219dbf1dd7a1c706e75ab3425a987384/pandas-2.3.3-cp312-cp312-win_amd64.whl", hash = "sha256:a16dcec078a01eeef8ee61bf64074b4e524a2a3f4b3be9326420cabe59c4778b", size = 10992722 },
]

[[package]]
name = "pluggy"
version = "1.6.0"
source = { registry = "https://pypi.org/simple" }
sdist = { url = "https://files.pythonhosted.org/packages/f9/e2/3e91f31a7d2b083fe6ef3fa267035b518369d9511ffab804f839851d2779/pluggy-1.6.0.tar.gz", hash = "sha256:7dcc130b76258d33b90f61b658791dede3486c3e6bfb003ee5c9bfb396dd22f3", size = 69412 }
wheels = [
    { url = "https://files.pythonhosted.org/packages/54/20/4d324d65cc6d9205fabedc306948156824eb9f0ee1633355a8f7ec5c66bf/pluggy-1.6.0-py3-none-any.whl", hash = "sha256:e920276dd6813095e9377c0bc5566d94c932c33b27a3e3945d8389c374dd4746", size = 20538 },
]

[[package]]
name = "pygments"
version = "2.20.0"
source = { registry = "https://pypi.org/simple" }
sdist = { url = "https://files.pythonhosted.org/packages/c3/b2/bc9c9196916376152d655522fdcebac55e66de6603a76a02bca1b6414f6c/pygments-2.20.0.tar.gz", hash = "sha256:6757cd03768053ff99f3039c1a36d6c0aa0b263438fcab17520b30a303a82b5f", size = 4955991 }
wheels = [
    { url = "https://files.pythonhosted.org/packages/f4/7e/a72dd26f3b0f4f2bf1dd8923c85f7ceb43172af56d63c7383eb62b332364/pygments-2.20.0-py3-none-any.whl", hash = "sha256:81a9e26dd42fd28a23a2d169d86d7ac03b46e2f8b59ed4698fb4785f946d0176", size = 1231151 },
]

[[package]]
name = "pytest"
version = "9.1.1"
source = { registry = "https://pypi.org/simple" }
dependencies = [
    { name = "colorama", marker = "sys_platform == 'win32'" },
    { name = "iniconfig" },
    { name = "packaging" },
    { name = "pluggy" },
    { name = "pygments" },
]
sdist = { url = "https://files.pythonhosted.org/packages/e4/47/b9efed96c114afcfa3c9d3fe98a76a1d14c74a9e266d397cf6eb64be5e01/pytest-9.1.1.tar.gz", hash = "sha256:1088fbde8f2b49d95a549a195707afa7a76a3ce9bcadc26b6d71f0ffda5fe313", size = 1636369 }
wheels = [
    { url = "https://files.pythonhosted.org/packages/24/25/1de2678b631f5a49215c6c96fff41ba892b0a34df68d6d80292b1b48aa7f/pytest-9.1.1-py3-none-any.whl", hash = "sha256:37a86b45efb9a47a61a36449063e8e18d0cab3161329fc099eb21783169c4f0c", size = 386536 },
]

[[package]]
name = "python-dateutil"
version = "2.9.0.post0"
source = { registry = "https://pypi.org/simple" }
dependencies = [
    { name = "six" },
]
sdist = { url = "https://files.pythonhosted.org/packages/66/c0/0c8b6ad9f17a802ee498c46e004a0eb49bc148f2fd230864601a86dcf6db/python-dateutil-2.9.0.post0.tar.gz", hash = "sha256:37dd54208da7e1cd875388217d5e00ebd4179249f90fb72437e91a35459a0ad3", size = 342432 }
wheels = [
    { url = "https://files.pythonhosted.org/packages/ec/57/56b9bcc3c9c6a792fcbaf139543cee77261f3651ca9da0c93f5c1221264b/python_dateutil-2.9.0.post0-py2.py3-none-any.whl", hash = "sha256:a8b2bc7bffae282281c8140a97d3aa9c14da0b136dfe83f850eea9a5f7470427", size = 229892 },
]

[[package]]
name = "pytz"
version = "2026.2"
source = { registry = "https://pypi.org/simple" }
sdist = { url = "https://files.pythonhosted.org/packages/ff/46/dd499ec9038423421951e4fad73051febaa13d2df82b4064f87af8b8c0c3/pytz-2026.2.tar.gz", hash = "sha256:0e60b47b29f21574376f218fe21abc009894a2321ea16c6754f3cad6eb7cdd6a", size = 320861 }
wheels = [
    { url = "https://files.pythonhosted.org/packages/ec/dd/96da98f892250475bdf2328112d7468abdd4acc7b902b6af23f4ed958ea0/pytz-2026.2-py2.py3-none-any.whl", hash = "sha256:04156e608bee23d3792fd45c94ae47fae1036688e75032eea2e3bf0323d1f126", size = 510141 },
]

[[package]]
name = "six"
version = "1.17.0"
source = { registry = "https://pypi.org/simple" }
sdist = { url = "https://files.pythonhosted.org/packages/94/e7/b2c673351809dca68a0e064b6af791aa332cf192da575fd474ed7d6f16a2/six-1.17.0.tar.gz", hash = "sha256:ff70335d468e7eb6ec65b95b99d3a2836546063f63acc5171de367e834932a81", size = 34031 }
wheels = [
    { url = "https://files.pythonhosted.org/packages/b7/ce/149a00dd41f10bc29e5921b496af8b574d8413afcd5e30dfa0ed46c2cc5e/six-1.17.0-py2.py3-none-any.whl", hash = "sha256:4721f391ed90541fddacab5acf947aa0d3dc7d27b2e1e8eda2be8970586c3274", size = 11050 },
]

[[package]]
name = "tzdata"
version = "2026.2"
source = { registry = "https://pypi.org/simple" }
sdist = { url = "https://files.pythonhosted.org/packages/ba/19/1b9b0e29f30c6d35cb345486df41110984ea67ae69dddbc0e8a100999493/tzdata-2026.2.tar.gz", hash = "sha256:9173fde7d80d9018e02a662e168e5a2d04f87c41ea174b139fbef642eda62d10", size = 198254 }
wheels = [
    { url = "https://files.pythonhosted.org/packages/ce/e4/dccd7f47c4b64213ac01ef921a1337ee6e30e8c6466046018326977efd95/tzdata-2026.2-py2.py3-none-any.whl", hash = "sha256:bbe9af844f658da81a5f95019480da3a89415801f6cc966806612cc7169bffe7", size = 349321 },
]
